lockfileVersion: '9.0'

settings:
  autoInstallPeers: true
  excludeLinksFromLockfile: false

importers:

  .:
    dependencies:
      axios:
        specifier: ^0.21.1
        version: 0.21.4
    devDependencies:
      '@types/aws-lambda':
        specifier: ^8.10.92
        version: 8.10.143

packages:

  '@types/aws-lambda@8.10.143':
    resolution: {integrity: sha512-u5vzlcR14ge/4pMTTMDQr3MF0wEe38B2F9o84uC4F43vN5DGTy63npRrB6jQhyt+C0lGv4ZfiRcRkqJoZuPnmg==}

  axios@0.21.4:
    resolution: {integrity: sha512-ut5vewkiu8jjGBdqpM44XxjuCjq9LAKeHVmoVfHVzy8eHgxxq8SbAVQNovDA8mVi05kP0Ea/n/UzcSHcTJQfNg==}

  follow-redirects@1.15.6:
    resolution: {integrity: sha512-wWN62YITEaOpSK584EZXJafH1AGpO8RVgElfkuXbTOrPX4fIfOyEpW/CsiNd8JdYrAoOvafRTOEnvsO++qCqFA==}
    engines: {node: '>=4.0'}
    peerDependencies:
      debug: '*'
    peerDependenciesMeta:
      debug:
        optional: true

snapshots:

  '@types/aws-lambda@8.10.143': {}

  axios@0.21.4:
    dependencies:
      follow-redirects: 1.15.6
    transitivePeerDependencies:
      - debug

  follow-redirects@1.15.6: {}
